
Microsoft Visual Studio Solution File, Format Version 11.00
# Visual Studio 2010
Project("{FAE04EC0-301F-11D3-BF4B-00C04F79EFBC}") = "Justgo8", "Justgo8\Justgo8.csproj", "{02B07F6C-7683-40DC-9E0C-7D861F7A5174}"
EndProject
Project("{FAE04EC0-301F-11D3-BF4B-00C04F79EFBC}") = "Common", "Common\Common.csproj", "{5126D418-87BB-4720-8E30-27C551049F66}"
EndProject
Project("{FAE04EC0-301F-11D3-BF4B-00C04F79EFBC}") = "DLL", "DLL\DLL.csproj", "{87100B49-68F9-431E-BA5D-6E6609065B88}"
EndProject
Project("{FAE04EC0-301F-11D3-BF4B-00C04F79EFBC}") = "DBUtility", "DBUtility\DBUtility.csproj", "{00442AF4-9494-4075-918E-725CE38F78FF}"
EndProject
Project("{FAE04EC0-301F-11D3-BF4B-00C04F79EFBC}") = "Bll", "Bll\Bll.csproj", "{4119A1BB-C934-40A5-A17F-F7D9E509F337}"
EndProject
Global
	GlobalSection(SubversionScc) = preSolution
		Svn-Managed = True
		Manager = AnkhSVN - Subversion Support for Visual Studio
	EndGlobalSection
	GlobalSection(SolutionConfigurationPlatforms) = preSolution
		Debug|Any CPU = Debug|Any CPU
		Debug|x86 = Debug|x86
		Release|Any CPU = Release|Any CPU
		Release|x86 = Release|x86
	EndGlobalSection
	GlobalSection(ProjectConfigurationPlatforms) = postSolution
		{02B07F6C-7683-40DC-9E0C-7D861F7A5174}.Debug|Any CPU.ActiveCfg = Debug|Any CPU
		{02B07F6C-7683-40DC-9E0C-7D861F7A5174}.Debug|Any CPU.Build.0 = Debug|Any CPU
		{02B07F6C-7683-40DC-9E0C-7D861F7A5174}.Debug|x86.ActiveCfg = Debug|Any CPU
		{02B07F6C-7683-40DC-9E0C-7D861F7A5174}.Release|Any CPU.ActiveCfg = Release|Any CPU
		{02B07F6C-7683-40DC-9E0C-7D861F7A5174}.Release|Any CPU.Build.0 = Release|Any CPU
		{02B07F6C-7683-40DC-9E0C-7D861F7A5174}.Release|x86.ActiveCfg = Release|Any CPU
		{5126D418-87BB-4720-8E30-27C551049F66}.Debug|Any CPU.ActiveCfg = Debug|Any CPU
		{5126D418-87BB-4720-8E30-27C551049F66}.Debug|Any CPU.Build.0 = Debug|Any CPU
		{5126D418-87BB-4720-8E30-27C551049F66}.Debug|x86.ActiveCfg = Debug|x86
		{5126D418-87BB-4720-8E30-27C551049F66}.Debug|x86.Build.0 = Debug|x86
		{5126D418-87BB-4720-8E30-27C551049F66}.Release|Any CPU.ActiveCfg = Release|Any CPU
		{5126D418-87BB-4720-8E30-27C551049F66}.Release|Any CPU.Build.0 = Release|Any CPU
		{5126D418-87BB-4720-8E30-27C551049F66}.Release|x86.ActiveCfg = Release|x86
		{5126D418-87BB-4720-8E30-27C551049F66}.Release|x86.Build.0 = Release|x86
		{87100B49-68F9-431E-BA5D-6E6609065B88}.Debug|Any CPU.ActiveCfg = Debug|Any CPU
		{87100B49-68F9-431E-BA5D-6E6609065B88}.Debug|Any CPU.Build.0 = Debug|Any CPU
		{87100B49-68F9-431E-BA5D-6E6609065B88}.Debug|x86.ActiveCfg = Debug|x86
		{87100B49-68F9-431E-BA5D-6E6609065B88}.Debug|x86.Build.0 = Debug|x86
		{87100B49-68F9-431E-BA5D-6E6609065B88}.Release|Any CPU.ActiveCfg = Release|Any CPU
		{87100B49-68F9-431E-BA5D-6E6609065B88}.Release|Any CPU.Build.0 = Release|Any CPU
		{87100B49-68F9-431E-BA5D-6E6609065B88}.Release|x86.ActiveCfg = Release|x86
		{87100B49-68F9-431E-BA5D-6E6609065B88}.Release|x86.Build.0 = Release|x86
		{00442AF4-9494-4075-918E-725CE38F78FF}.Debug|Any CPU.ActiveCfg = Debug|Any CPU
		{00442AF4-9494-4075-918E-725CE38F78FF}.Debug|Any CPU.Build.0 = Debug|Any CPU
		{00442AF4-9494-4075-918E-725CE38F78FF}.Debug|x86.ActiveCfg = Debug|x86
		{00442AF4-9494-4075-918E-725CE38F78FF}.Debug|x86.Build.0 = Debug|x86
		{00442AF4-9494-4075-918E-725CE38F78FF}.Release|Any CPU.ActiveCfg = Release|Any CPU
		{00442AF4-9494-4075-918E-725CE38F78FF}.Release|Any CPU.Build.0 = Release|Any CPU
		{00442AF4-9494-4075-918E-725CE38F78FF}.Release|x86.ActiveCfg = Release|x86
		{00442AF4-9494-4075-918E-725CE38F78FF}.Release|x86.Build.0 = Release|x86
		{4119A1BB-C934-40A5-A17F-F7D9E509F337}.Debug|Any CPU.ActiveCfg = Debug|Any CPU
		{4119A1BB-C934-40A5-A17F-F7D9E509F337}.Debug|Any CPU.Build.0 = Debug|Any CPU
		{4119A1BB-C934-40A5-A17F-F7D9E509F337}.Debug|x86.ActiveCfg = Debug|x86
		{4119A1BB-C934-40A5-A17F-F7D9E509F337}.Debug|x86.Build.0 = Debug|x86
		{4119A1BB-C934-40A5-A17F-F7D9E509F337}.Release|Any CPU.ActiveCfg = Release|Any CPU
		{4119A1BB-C934-40A5-A17F-F7D9E509F337}.Release|Any CPU.Build.0 = Release|Any CPU
		{4119A1BB-C934-40A5-A17F-F7D9E509F337}.Release|x86.ActiveCfg = Release|x86
		{4119A1BB-C934-40A5-A17F-F7D9E509F337}.Release|x86.Build.0 = Release|x86
	EndGlobalSection
	GlobalSection(SolutionProperties) = preSolution
		HideSolutionNode = FALSE
	EndGlobalSection
EndGlobal
